
Microsoft Visual Studio Solution File, Format Version 12.00
# Visual Studio Version 17
VisualStudioVersion = 17.2.32630.192
MinimumVisualStudioVersion = 10.0.40219.1
Project("{9A19103F-16F7-4668-BE54-9A1E7A4F7556}") = "Question1", "Questao1\Question1.csproj", "{290558E4-7D4C-4C59-A56F-2F0C72EE2D64}"
EndProject
Project("{9A19103F-16F7-4668-BE54-9A1E7A4F7556}") = "Questions.Test", "Questoes.Tests\Questions.Test.csproj", "{C4291C0C-9BE3-4932-8D76-4FD8B59B5A15}"
EndProject
Project("{9A19103F-16F7-4668-BE54-9A1E7A4F7556}") = "RunProject", "RunProject\RunProject.csproj", "{5031A208-C796-4ACF-8549-AB89252D6AE1}"
EndProject
Global
	GlobalSection(SolutionConfigurationPlatforms) = preSolution
		Debug|Any CPU = Debug|Any CPU
		Release|Any CPU = Release|Any CPU
	EndGlobalSection
	GlobalSection(ProjectConfigurationPlatforms) = postSolution
		{290558E4-7D4C-4C59-A56F-2F0C72EE2D64}.Debug|Any CPU.ActiveCfg = Debug|Any CPU
		{290558E4-7D4C-4C59-A56F-2F0C72EE2D64}.Debug|Any CPU.Build.0 = Debug|Any CPU
		{290558E4-7D4C-4C59-A56F-2F0C72EE2D64}.Release|Any CPU.ActiveCfg = Release|Any CPU
		{290558E4-7D4C-4C59-A56F-2F0C72EE2D64}.Release|Any CPU.Build.0 = Release|Any CPU
		{C4291C0C-9BE3-4932-8D76-4FD8B59B5A15}.Debug|Any CPU.ActiveCfg = Debug|Any CPU
		{C4291C0C-9BE3-4932-8D76-4FD8B59B5A15}.Debug|Any CPU.Build.0 = Debug|Any CPU
		{C4291C0C-9BE3-4932-8D76-4FD8B59B5A15}.Release|Any CPU.ActiveCfg = Release|Any CPU
		{C4291C0C-9BE3-4932-8D76-4FD8B59B5A15}.Release|Any CPU.Build.0 = Release|Any CPU
		{5031A208-C796-4ACF-8549-AB89252D6AE1}.Debug|Any CPU.ActiveCfg = Debug|Any CPU
		{5031A208-C796-4ACF-8549-AB89252D6AE1}.Debug|Any CPU.Build.0 = Debug|Any CPU
		{5031A208-C796-4ACF-8549-AB89252D6AE1}.Release|Any CPU.ActiveCfg = Release|Any CPU
		{5031A208-C796-4ACF-8549-AB89252D6AE1}.Release|Any CPU.Build.0 = Release|Any CPU
	EndGlobalSection
	GlobalSection(SolutionProperties) = preSolution
		HideSolutionNode = FALSE
	EndGlobalSection
	GlobalSection(ExtensibilityGlobals) = postSolution
		SolutionGuid = {3DFAE09E-62CE-4DF3-9D51-10BA7C772873}
	EndGlobalSection
EndGlobal
